GEM
  remote: https://rubygems.org/
  specs:
    algoliasearch (1.27.5)
      httpclient (~> 2.8, >= 2.8.3)
      json (>= 1.5.1)
    appraisal (2.4.1)
      bundler
      rake
      thor (>= 0.14.0)
    httpclient (2.8.3)
    json (2.5.1)
    minitest (5.14.4)
    rake (13.0.6)
    thor (1.1.0)

PLATFORMS
  ruby

DEPENDENCIES
  algoliasearch
  appraisal
  minitest

BUNDLED WITH
   2.2.27
