GEM
  remote: https://rubygems.org/
  specs:
    appraisal (2.4.1)
      bundler
      rake
      thor (>= 0.14.0)
    aws-eventstream (1.2.0)
    aws-partitions (1.503.0)
    aws-sdk-core (3.121.0)
      aws-eventstream (~> 1, >= 1.0.2)
      aws-partitions (~> 1, >= 1.239.0)
      aws-sigv4 (~> 1.1)
      jmespath (~> 1.0)
    aws-sdk-kms (1.48.0)
      aws-sdk-core (~> 3, >= 3.120.0)
      aws-sigv4 (~> 1.1)
    aws-sdk-s3 (1.103.0)
      aws-sdk-core (~> 3, >= 3.120.0)
      aws-sdk-kms (~> 1)
      aws-sigv4 (~> 1.4)
    aws-sigv4 (1.4.0)
      aws-eventstream (~> 1, >= 1.0.2)
    jmespath (1.4.0)
    minitest (5.14.4)
    rake (13.0.6)
    rexml (3.2.5)
    thor (1.1.0)

PLATFORMS
  ruby

DEPENDENCIES
  appraisal
  aws-sdk-s3
  minitest
  rexml

BUNDLED WITH
   2.2.27
