GEM
  remote: https://rubygems.org/
  specs:
    appraisal (2.4.1)
      bundler
      rake
      thor (>= 0.14.0)
    bitly (3.0.0)
      oauth2 (>= 0.5.0, < 2.1)
    faraday (2.7.0)
      faraday-net_http (>= 2.0, < 3.1)
      ruby2_keywords (>= 0.0.4)
    faraday-net_http (3.0.2)
    hashie (5.0.0)
    jwt (2.5.0)
    minitest (5.16.3)
    multi_xml (0.6.0)
    oauth2 (2.0.9)
      faraday (>= 0.17.3, < 3.0)
      jwt (>= 1.0, < 3.0)
      multi_xml (~> 0.5)
      rack (>= 1.2, < 4)
      snaky_hash (~> 2.0)
      version_gem (~> 1.1)
    rack (3.0.0)
    rake (13.0.6)
    ruby2_keywords (0.0.5)
    snaky_hash (2.0.1)
      hashie
      version_gem (~> 1.1, >= 1.1.1)
    thor (1.2.1)
    version_gem (1.1.1)

PLATFORMS
  ruby

DEPENDENCIES
  appraisal
  bitly
  minitest

BUNDLED WITH
   2.3.18
