GEM
  remote: https://rubygems.org/
  specs:
    addressable (2.8.0)
      public_suffix (>= 2.0.2, < 5.0)
    appraisal (2.4.1)
      bundler
      rake
      thor (>= 0.14.0)
    boxr (1.18.0)
      addressable (~> 2.3)
      hashie (~> 3.5)
      httpclient (~> 2.8)
      jwt (>= 1.4)
    hashie (3.6.0)
    httpclient (2.8.3)
    jwt (2.3.0)
    minitest (5.14.4)
    public_suffix (4.0.6)
    rake (13.0.6)
    thor (1.1.0)

PLATFORMS
  ruby

DEPENDENCIES
  appraisal
  boxr
  minitest

BUNDLED WITH
   2.2.27
