GEM
  remote: https://rubygems.org/
  specs:
    amq-protocol (2.3.2)
    appraisal (2.5.0)
      bundler
      rake
      thor (>= 0.14.0)
    bunny (2.23.0)
      amq-protocol (~> 2.3, >= 2.3.1)
      sorted_set (~> 1, >= 1.0.2)
    minitest (5.25.4)
    rake (13.2.1)
    rbtree (0.4.6)
    set (1.1.1)
    sorted_set (1.0.3)
      rbtree
      set (~> 1.0)
    thor (1.3.2)

PLATFORMS
  ruby

DEPENDENCIES
  appraisal
  bunny
  minitest

BUNDLED WITH
   2.5.22
