GEM
  remote: https://rubygems.org/
  specs:
    amq-protocol (2.3.0)
    appraisal (2.2.0)
      bundler
      rake
      thor (>= 0.14.0)
    bunny (2.14.3)
      amq-protocol (~> 2.3, >= 2.3.0)
    minitest (5.14.0)
    rake (13.0.1)
    thor (1.0.1)

PLATFORMS
  ruby

DEPENDENCIES
  appraisal
  bunny
  minitest

BUNDLED WITH
   1.17.3
