GEM
  remote: https://rubygems.org/
  specs:
    appraisal (2.5.0)
      bundler
      rake
      thor (>= 0.14.0)
    cassandra-driver (3.2.5)
      ione (~> 1.2)
    ione (1.2.5)
    minitest (5.20.0)
    rake (13.1.0)
    rbtree (0.4.6)
    set (1.1.0)
    sorted_set (1.0.3)
      rbtree
      set (~> 1.0)
    thor (1.3.0)

PLATFORMS
  ruby

DEPENDENCIES
  appraisal
  cassandra-driver
  minitest
  sorted_set

BUNDLED WITH
   2.4.10
