GEM
  remote: https://rubygems.org/
  specs:
    appraisal (2.4.1)
      bundler
      rake
      thor (>= 0.14.0)
    cassandra-driver (3.2.5)
      ione (~> 1.2)
    ione (1.2.4)
    minitest (5.14.4)
    rake (13.0.6)
    rbtree (0.4.4)
    set (1.0.1)
    sorted_set (1.0.3)
      rbtree
      set (~> 1.0)
    thor (1.1.0)

PLATFORMS
  ruby

DEPENDENCIES
  appraisal
  cassandra-driver
  minitest
  sorted_set

BUNDLED WITH
   2.2.27
