GEM
  remote: https://rubygems.org/
  specs:
    appraisal (2.2.0)
      bundler
      rake
      thor (>= 0.14.0)
    docker-api (1.34.2)
      excon (>= 0.47.0)
      multi_json
    excon (0.66.0)
    minitest (5.11.3)
    multi_json (1.13.1)
    rake (12.3.3)
    thor (0.20.3)

PLATFORMS
  ruby

DEPENDENCIES
  appraisal
  docker-api
  minitest

BUNDLED WITH
   1.17.2
