GEM
  remote: https://rubygems.org/
  specs:
    addressable (2.7.0)
      public_suffix (>= 2.0.2, < 5.0)
    appraisal (2.2.0)
      bundler
      rake
      thor (>= 0.14.0)
    axiom-types (0.1.1)
      descendants_tracker (~> 0.0.4)
      ice_nine (~> 0.11.0)
      thread_safe (~> 0.3, >= 0.3.1)
    coercible (1.0.0)
      descendants_tracker (~> 0.0.1)
    descendants_tracker (0.0.4)
      thread_safe (~> 0.3, >= 0.3.1)
    droplet_kit (3.4.0)
      faraday (~> 0.15)
      kartograph (~> 0.2.3)
      resource_kit (~> 0.1.5)
      virtus (~> 1.0.3)
    equalizer (0.0.11)
    faraday (0.17.3)
      multipart-post (>= 1.2, < 3)
    ice_nine (0.11.2)
    kartograph (0.2.7)
    minitest (5.14.0)
    multipart-post (2.1.1)
    public_suffix (4.0.3)
    rake (13.0.1)
    resource_kit (0.1.7)
      addressable (>= 2.3.6, < 3.0.0)
    thor (1.0.1)
    thread_safe (0.3.6)
    virtus (1.0.5)
      axiom-types (~> 0.1)
      coercible (~> 1.0)
      descendants_tracker (~> 0.0, >= 0.0.3)
      equalizer (~> 0.0, >= 0.0.9)

PLATFORMS
  ruby

DEPENDENCIES
  appraisal
  droplet_kit
  faraday
  minitest

BUNDLED WITH
   1.17.3
