GEM
  remote: https://rubygems.org/
  specs:
    appraisal (2.5.0)
      bundler
      rake
      thor (>= 0.14.0)
    etcd (0.3.0)
      mixlib-log
    minitest (5.20.0)
    mixlib-log (3.0.9)
    rake (13.1.0)
    thor (1.3.0)

PLATFORMS
  ruby

DEPENDENCIES
  appraisal
  etcd
  minitest

BUNDLED WITH
   2.4.10
