GEM
  remote: https://rubygems.org/
  specs:
    appraisal (2.4.1)
      bundler
      rake
      thor (>= 0.14.0)
    etcdv3 (0.11.5)
      grpc (~> 1.17)
    google-protobuf (3.21.3)
    googleapis-common-protos-types (1.3.2)
      google-protobuf (~> 3.14)
    grpc (1.47.0)
      google-protobuf (~> 3.19)
      googleapis-common-protos-types (~> 1.0)
    minitest (5.16.2)
    rake (13.0.6)
    thor (1.2.1)

PLATFORMS
  ruby

DEPENDENCIES
  appraisal
  etcdv3
  minitest

BUNDLED WITH
   2.3.18
