GEM
  remote: https://rubygems.org/
  specs:
    appraisal (2.4.0)
      bundler
      rake
      thor (>= 0.14.0)
    connection_pool (2.2.5)
    faktory_worker_ruby (1.1.0)
      connection_pool (~> 2.2, >= 2.2.2)
    minitest (5.14.4)
    rake (13.0.3)
    thor (1.1.0)

PLATFORMS
  ruby

DEPENDENCIES
  appraisal
  faktory_worker_ruby
  minitest

BUNDLED WITH
   2.1.4
