GEM
  remote: https://rubygems.org/
  specs:
    appraisal (2.4.1)
      bundler
      rake
      thor (>= 0.14.0)
    hexspace (0.1.1)
      thrift
    minitest (5.16.2)
    rake (13.0.6)
    thor (1.2.1)
    thrift (0.16.0)

PLATFORMS
  ruby

DEPENDENCIES
  appraisal
  hexspace
  minitest

BUNDLED WITH
   2.3.18
