GEM
  remote: https://rubygems.org/
  specs:
    appraisal (2.4.1)
      bundler
      rake
      thor (>= 0.14.0)
    httpclient (2.8.3)
    httpi (3.0.1)
      rack
    minitest (5.16.2)
    rack (2.2.4)
    rake (13.0.6)
    thor (1.2.1)

PLATFORMS
  ruby

DEPENDENCIES
  appraisal
  httpclient
  httpi
  minitest

BUNDLED WITH
   2.3.18
