GEM
  remote: https://rubygems.org/
  specs:
    appraisal (2.5.0)
      bundler
      rake
      thor (>= 0.14.0)
    base64 (0.2.0)
    httpclient (2.8.3)
    httpi (4.0.4)
      base64
      mutex_m
      nkf
      rack (>= 2.0, < 4)
    minitest (5.25.4)
    mutex_m (0.3.0)
    nkf (0.2.0)
    rack (3.1.9)
    rake (13.2.1)
    thor (1.3.2)

PLATFORMS
  ruby

DEPENDENCIES
  appraisal
  httpclient
  httpi
  minitest

BUNDLED WITH
   2.5.22
