GEM
  remote: https://rubygems.org/
  specs:
    appraisal (2.5.0)
      bundler
      rake
      thor (>= 0.14.0)
    httpclient (2.8.3)
    httpi (3.0.1)
      rack
    minitest (5.20.0)
    rack (3.0.8)
    rake (13.1.0)
    thor (1.3.0)

PLATFORMS
  ruby

DEPENDENCIES
  appraisal
  httpclient
  httpi
  minitest

BUNDLED WITH
   2.4.10
