GEM
  remote: https://rubygems.org/
  specs:
    appraisal (2.5.0)
      bundler
      rake
      thor (>= 0.14.0)
    bigdecimal (3.1.9)
    google-protobuf (4.29.3)
      bigdecimal
      rake (>= 13)
    googleapis-common-protos-types (1.18.0)
      google-protobuf (>= 3.18, < 5.a)
    grpc (1.69.0)
      google-protobuf (>= 3.25, < 5.0)
      googleapis-common-protos-types (~> 1.0)
    immudb (0.3.0)
      google-protobuf (>= 4)
      grpc
    minitest (5.25.4)
    rake (13.2.1)
    thor (1.3.2)

PLATFORMS
  ruby

DEPENDENCIES
  appraisal
  immudb
  minitest

BUNDLED WITH
   2.5.22
