GEM
  remote: https://rubygems.org/
  specs:
    appraisal (2.3.0)
      bundler
      rake
      thor (>= 0.14.0)
    mail (2.7.1)
      mini_mime (>= 0.1.1)
    mini_mime (1.0.2)
    minitest (5.14.1)
    rake (13.0.1)
    thor (1.0.1)

PLATFORMS
  ruby

DEPENDENCIES
  appraisal
  mail (>= 2.7.0)
  minitest

BUNDLED WITH
   2.1.4
