GEM
  remote: https://rubygems.org/
  specs:
    appraisal (2.4.1)
      bundler
      rake
      thor (>= 0.14.0)
    httparty (0.20.0)
      mime-types (~> 3.0)
      multi_xml (>= 0.5.2)
    meilisearch (0.19.0)
      httparty (>= 0.17.1, < 0.21.0)
    mime-types (3.4.1)
      mime-types-data (~> 3.2015)
    mime-types-data (3.2022.0105)
    minitest (5.16.2)
    multi_xml (0.6.0)
    rake (13.0.6)
    thor (1.2.1)

PLATFORMS
  ruby

DEPENDENCIES
  appraisal
  meilisearch
  minitest

BUNDLED WITH
   2.3.18
