GEM
  remote: https://rubygems.org/
  specs:
    appraisal (2.4.1)
      bundler
      rake
      thor (>= 0.14.0)
    chef-utils (17.10.0)
      concurrent-ruby
    concurrent-ruby (1.1.10)
    minitest (5.16.2)
    mixlib-shellout (3.2.7)
      chef-utils
    rake (13.0.6)
    thor (1.2.1)

PLATFORMS
  ruby

DEPENDENCIES
  appraisal
  minitest
  mixlib-shellout

BUNDLED WITH
   2.3.18
