GEM
  remote: https://rubygems.org/
  specs:
    addressable (2.7.0)
      public_suffix (>= 2.0.2, < 5.0)
    appraisal (2.2.0)
      bundler
      rake
      thor (>= 0.14.0)
    faraday (1.0.0)
      multipart-post (>= 1.2, < 3)
    minitest (5.14.0)
    multipart-post (2.1.1)
    octokit (4.18.0)
      faraday (>= 0.9)
      sawyer (~> 0.8.0, >= 0.5.3)
    public_suffix (4.0.3)
    rake (13.0.1)
    sawyer (0.8.2)
      addressable (>= 2.3.5)
      faraday (> 0.8, < 2.0)
    thor (1.0.1)

PLATFORMS
  ruby

DEPENDENCIES
  appraisal
  minitest
  octokit

BUNDLED WITH
   1.17.3
