GEM
  remote: https://rubygems.org/
  specs:
    appraisal (2.4.1)
      bundler
      rake
      thor (>= 0.14.0)
    faraday (0.17.5)
      multipart-post (>= 1.2, < 3)
    faraday_middleware (0.14.0)
      faraday (>= 0.7.4, < 1.0)
    hashie (3.6.0)
    jwt (2.4.1)
    minitest (5.16.2)
    multi_xml (0.6.0)
    multipart-post (2.2.3)
    oauth2 (2.0.6)
      faraday (>= 0.17.3, < 3.0)
      jwt (>= 1.0, < 3.0)
      multi_xml (~> 0.5)
      rack (>= 1.2, < 3)
      rash_alt (>= 0.4, < 1)
      version_gem (~> 1.1)
    omniauth (1.9.1)
      hashie (>= 3.4.6)
      rack (>= 1.6.2, < 3)
    omniauth-oauth2 (1.7.3)
      oauth2 (>= 1.4, < 3)
      omniauth (>= 1.9, < 3)
    pinterest-api (0.4.0)
      faraday (~> 0.9)
      faraday_middleware (~> 0.9)
      hashie (~> 3.0)
      omniauth (~> 1.0)
      omniauth-oauth2 (~> 1.0)
    rack (2.2.4)
    rake (13.0.6)
    rash_alt (0.4.12)
      hashie (>= 3.4)
    thor (1.2.1)
    version_gem (1.1.0)

PLATFORMS
  ruby

DEPENDENCIES
  appraisal
  minitest
  pinterest-api

BUNDLED WITH
   2.3.18
