GEM
  remote: https://rubygems.org/
  specs:
    appraisal (2.4.1)
      bundler
      rake
      thor (>= 0.14.0)
    json (2.5.1)
    minitest (5.14.4)
    rake (13.0.6)
    rbhive (1.0.0)
      json
      thrift (~> 0.9)
    thor (1.1.0)
    thrift (0.15.0)

PLATFORMS
  ruby

DEPENDENCIES
  appraisal
  minitest
  rbhive

BUNDLED WITH
   2.2.27
