GEM
  remote: https://rubygems.org/
  specs:
    appraisal (2.5.0)
      bundler
      rake
      thor (>= 0.14.0)
    base64 (0.2.0)
    faraday (2.8.1)
      base64
      faraday-net_http (>= 2.0, < 3.1)
      ruby2_keywords (>= 0.0.4)
    faraday-follow_redirects (0.3.0)
      faraday (>= 1, < 3)
    faraday-multipart (1.0.4)
      multipart-post (~> 2)
    faraday-net_http (3.0.2)
    hashie (5.0.0)
    jwt (2.7.1)
    minitest (5.20.0)
    multipart-post (2.3.0)
    rake (13.1.0)
    restforce (7.1.0)
      faraday (>= 1.1.0, < 2.9.0)
      faraday-follow_redirects (<= 0.3.0, < 1.0.0)
      faraday-multipart (>= 1.0.0, < 2.0.0)
      faraday-net_http (< 4.0.0)
      hashie (>= 1.2.0, < 6.0)
      jwt (>= 1.5.6)
    ruby2_keywords (0.0.5)
    thor (1.3.0)

PLATFORMS
  ruby

DEPENDENCIES
  appraisal
  minitest
  restforce

BUNDLED WITH
   2.4.10
