GEM
  remote: https://rubygems.org/
  specs:
    appraisal (2.2.0)
      bundler
      rake
      thor (>= 0.14.0)
    builder (3.2.4)
    faraday (1.0.0)
      multipart-post (>= 1.2, < 3)
    minitest (5.14.0)
    multipart-post (2.1.1)
    rake (13.0.1)
    rsolr (2.3.0)
      builder (>= 2.1.2)
      faraday (>= 0.9.0)
    thor (1.0.1)

PLATFORMS
  ruby

DEPENDENCIES
  appraisal
  minitest
  rsolr

BUNDLED WITH
   1.17.3
