GEM
  remote: https://rubygems.org/
  specs:
    appraisal (2.5.0)
      bundler
      rake
      thor (>= 0.14.0)
    base64 (0.2.0)
    builder (3.2.4)
    faraday (2.8.1)
      base64
      faraday-net_http (>= 2.0, < 3.1)
      ruby2_keywords (>= 0.0.4)
    faraday-net_http (3.0.2)
    minitest (5.20.0)
    rake (13.1.0)
    rsolr (2.5.0)
      builder (>= 2.1.2)
      faraday (>= 0.9, < 3, != 2.0.0)
    ruby2_keywords (0.0.5)
    thor (1.3.0)

PLATFORMS
  ruby

DEPENDENCIES
  appraisal
  minitest
  rsolr

BUNDLED WITH
   2.4.10
