GEM
  remote: https://rubygems.org/
  specs:
    appraisal (2.2.0)
      bundler
      rake
      thor (>= 0.14.0)
    digest-crc (0.4.1)
    minitest (5.14.0)
    rake (13.0.1)
    ruby-kafka (0.7.10)
      digest-crc
    thor (1.0.1)

PLATFORMS
  ruby

DEPENDENCIES
  appraisal
  minitest
  ruby-kafka

BUNDLED WITH
   1.17.3
