GEM
  remote: https://rubygems.org/
  specs:
    activemodel (6.0.2.1)
      activesupport (= 6.0.2.1)
    activemodel-serializers-xml (1.0.2)
      activemodel (> 5.x)
      activesupport (> 5.x)
      builder (~> 3.1)
    activeresource (5.1.0)
      activemodel (>= 5.0, < 7)
      activemodel-serializers-xml (~> 1.0)
      activesupport (>= 5.0, < 7)
    activesupport (6.0.2.1)
      concurrent-ruby (~> 1.0, >= 1.0.2)
      i18n (>= 0.7, < 2)
      minitest (~> 5.1)
      tzinfo (~> 1.1)
      zeitwerk (~> 2.2)
    appraisal (2.2.0)
      bundler
      rake
      thor (>= 0.14.0)
    builder (3.2.4)
    concurrent-ruby (1.1.5)
    graphql (1.9.17)
    graphql-client (0.16.0)
      activesupport (>= 3.0)
      graphql (~> 1.8)
    i18n (1.8.2)
      concurrent-ruby (~> 1.0)
    minitest (5.14.0)
    rack (2.1.1)
    rake (13.0.1)
    shopify_api (8.1.0)
      activeresource (>= 4.1.0, < 6.0.0)
      graphql-client
      rack
    thor (1.0.1)
    thread_safe (0.3.6)
    tzinfo (1.2.6)
      thread_safe (~> 0.1)
    zeitwerk (2.2.2)

PLATFORMS
  ruby

DEPENDENCIES
  appraisal
  minitest
  shopify_api

BUNDLED WITH
   1.17.3
