GEM
  remote: https://rubygems.org/
  specs:
    activesupport (8.0.1)
      base64
      benchmark (>= 0.3)
      bigdecimal
      concurrent-ruby (~> 1.0, >= 1.3.1)
      connection_pool (>= 2.2.5)
      drb
      i18n (>= 1.6, < 2)
      logger (>= 1.4.2)
      minitest (>= 5.1)
      securerandom (>= 0.3)
      tzinfo (~> 2.0, >= 2.0.5)
      uri (>= 0.13.1)
    appraisal (2.5.0)
      bundler
      rake
      thor (>= 0.14.0)
    base64 (0.2.0)
    benchmark (0.4.0)
    bigdecimal (3.1.9)
    concurrent-ruby (1.3.5)
    connection_pool (2.5.0)
    csv (3.3.2)
    drb (2.2.1)
    hash_diff (1.1.1)
    httparty (0.22.0)
      csv
      mini_mime (>= 1.0.0)
      multi_xml (>= 0.5.2)
    i18n (1.14.7)
      concurrent-ruby (~> 1.0)
    jwt (2.10.1)
      base64
    logger (1.6.5)
    mini_mime (1.1.5)
    minitest (5.25.4)
    multi_xml (0.7.1)
      bigdecimal (~> 3.1)
    oj (3.16.9)
      bigdecimal (>= 3.0)
      ostruct (>= 0.2)
    openssl (3.3.0)
    ostruct (0.6.1)
    rake (13.2.1)
    securerandom (0.4.1)
    shopify_api (14.8.0)
      activesupport
      concurrent-ruby
      hash_diff
      httparty
      jwt
      oj
      openssl
      securerandom
      sorbet-runtime
      zeitwerk (~> 2.5)
    sorbet-runtime (0.5.11789)
    thor (1.3.2)
    tzinfo (2.0.6)
      concurrent-ruby (~> 1.0)
    uri (1.0.2)
    zeitwerk (2.7.1)

PLATFORMS
  ruby

DEPENDENCIES
  appraisal
  minitest
  shopify_api

BUNDLED WITH
   2.5.22
