GEM
  remote: https://rubygems.org/
  specs:
    appraisal (2.4.1)
      bundler
      rake
      thor (>= 0.14.0)
    ffi (1.15.5)
    hashie (3.6.0)
    minitest (5.16.2)
    multipart-post (2.0.0)
    rake (13.0.6)
    soda-ruby (1.0.1)
      hashie (~> 3.5)
      multipart-post (~> 2.0.0)
      sys-uname (~> 1.0.2)
    sys-uname (1.0.4)
      ffi (>= 1.0.0)
    thor (1.2.1)

PLATFORMS
  ruby

DEPENDENCIES
  appraisal
  minitest
  soda-ruby

BUNDLED WITH
   2.3.18
