GEM
  remote: https://rubygems.org/
  specs:
    appraisal (2.2.0)
      bundler
      rake
      thor (>= 0.14.0)
    hashie (3.6.0)
    httmultiparty (0.3.16)
      httparty (>= 0.7.3)
      mimemagic
      multipart-post
    httparty (0.17.0)
      mime-types (~> 3.0)
      multi_xml (>= 0.5.2)
    mime-types (3.3)
      mime-types-data (~> 3.2015)
    mime-types-data (3.2019.0904)
    mimemagic (0.3.3)
    minitest (5.11.3)
    multi_xml (0.6.0)
    multipart-post (2.1.1)
    rake (12.3.3)
    soundcloud (0.3.4)
      hashie
      httmultiparty (~> 0.3.0)
    thor (0.20.3)

PLATFORMS
  ruby

DEPENDENCIES
  appraisal
  minitest
  soundcloud

BUNDLED WITH
   1.17.2
