GEM
  remote: https://rubygems.org/
  specs:
    appraisal (2.5.0)
      bundler
      rake
      thor (>= 0.14.0)
    mini_portile2 (2.8.5)
    minitest (5.20.0)
    nokogiri (1.16.0)
      mini_portile2 (~> 2.8.2)
      racc (~> 1.4)
    racc (1.7.3)
    rake (13.1.0)
    spidr (0.7.0)
      nokogiri (~> 1.3)
    thor (1.3.0)

PLATFORMS
  ruby

DEPENDENCIES
  appraisal
  minitest
  spidr

BUNDLED WITH
   2.4.10
