GEM
  remote: https://rubygems.org/
  specs:
    appraisal (2.4.1)
      bundler
      rake
      thor (>= 0.14.0)
    dalli (2.7.11)
    minitest (5.14.4)
    msgpack (1.4.2)
    rake (13.0.6)
    redis (4.4.0)
    suo (0.4.0)
      dalli
      msgpack
      redis
    thor (1.1.0)

PLATFORMS
  ruby

DEPENDENCIES
  appraisal
  minitest
  suo

BUNDLED WITH
   2.2.27
