GEM
  remote: https://rubygems.org/
  specs:
    appraisal (2.3.0)
      bundler
      rake
      thor (>= 0.14.0)
    minitest (5.14.1)
    rake (13.0.1)
    thor (1.0.1)
    thrift (0.11.0.0)
    thrift_client (0.11.0)
      thrift (~> 0.11.0)

PLATFORMS
  ruby

DEPENDENCIES
  appraisal
  minitest
  thrift_client

BUNDLED WITH
   2.1.4
