GEM
  remote: https://rubygems.org/
  specs:
    appraisal (2.2.0)
      bundler
      rake
      thor (>= 0.14.0)
    equatable (0.6.1)
    minitest (5.14.0)
    pastel (0.7.4)
      equatable (~> 0.6)
      tty-color (~> 0.5)
    rake (13.0.1)
    thor (1.0.1)
    tty-color (0.5.1)
    tty-command (0.9.0)
      pastel (~> 0.7.0)

PLATFORMS
  ruby

DEPENDENCIES
  appraisal
  minitest
  tty-command

BUNDLED WITH
   1.17.3
