GEM
  remote: https://rubygems.org/
  specs:
    addressable (2.8.6)
      public_suffix (>= 2.0.2, < 6.0)
    appraisal (2.5.0)
      bundler
      rake
      thor (>= 0.14.0)
    buftok (0.3.0)
    domain_name (0.6.20231109)
    equalizer (0.0.11)
    ffi (1.16.3)
    ffi-compiler (1.0.1)
      ffi (>= 1.0.0)
      rake
    http (5.1.1)
      addressable (~> 2.8)
      http-cookie (~> 1.0)
      http-form_data (~> 2.2)
      llhttp-ffi (~> 0.4.0)
    http-cookie (1.0.5)
      domain_name (~> 0.5)
    http-form_data (2.3.0)
    llhttp-ffi (0.4.0)
      ffi-compiler (~> 1.0)
      rake (~> 13.0)
    memoizable (0.4.2)
      thread_safe (~> 0.3, >= 0.3.1)
    minitest (5.20.0)
    multipart-post (2.3.0)
    naught (1.1.0)
    public_suffix (5.0.4)
    rake (13.1.0)
    simple_oauth (0.3.1)
    thor (1.3.0)
    thread_safe (0.3.6)
    twitter (8.0.1)
      addressable (~> 2.3)
      buftok (~> 0.3.0)
      equalizer (~> 0.0.11)
      http (~> 5.1)
      http-form_data (~> 2.3)
      llhttp-ffi (~> 0.4.0)
      memoizable (~> 0.4.0)
      multipart-post (~> 2.0)
      naught (~> 1.0)
      simple_oauth (~> 0.3.0)

PLATFORMS
  ruby

DEPENDENCIES
  appraisal
  minitest
  twitter

BUNDLED WITH
   2.4.10
