GEM
  remote: https://rubygems.org/
  specs:
    appraisal (2.4.1)
      bundler
      rake
      thor (>= 0.14.0)
    ethon (0.15.0)
      ffi (>= 1.15.0)
    ffi (1.15.5)
    minitest (5.16.2)
    oj (3.13.17)
    rake (13.0.6)
    thor (1.2.1)
    typesense (0.14.1)
      oj (~> 3.11)
      typhoeus (~> 1.4)
    typhoeus (1.4.0)
      ethon (>= 0.9.0)

PLATFORMS
  ruby

DEPENDENCIES
  appraisal
  minitest
  typesense

BUNDLED WITH
   2.3.18
