GEM
  remote: https://rubygems.org/
  specs:
    addressable (2.3.8)
    appraisal (2.3.0)
      bundler
      rake
      thor (>= 0.14.0)
    json (1.8.6)
    mime-types (1.25.1)
    minitest (5.14.1)
    rake (13.0.1)
    rest-client (1.6.14)
      mime-types (~> 1.16)
    thor (1.0.1)
    unirest (1.1.2)
      addressable (~> 2.3.5)
      json (~> 1.8.1)
      rest-client (~> 1.6.7)

PLATFORMS
  ruby

DEPENDENCIES
  appraisal
  minitest
  unirest

BUNDLED WITH
   1.17.3
