GEM
  remote: https://rubygems.org/
  specs:
    appraisal (2.2.0)
      bundler
      rake
      thor (>= 0.14.0)
    faraday (0.17.3)
      multipart-post (>= 1.2, < 3)
    hashie (3.6.0)
    inflection (1.0.0)
    mime-types (3.3.1)
      mime-types-data (~> 3.2015)
    mime-types-data (3.2019.1009)
    minitest (5.14.0)
    multipart-post (2.1.1)
    rake (13.0.1)
    thor (1.0.1)
    zendesk_api (1.24.0)
      faraday (>= 0.9.0, < 1.0.0)
      hashie (>= 3.5.2, < 4.0.0)
      inflection
      mime-types
      multipart-post (~> 2.0)

PLATFORMS
  ruby

DEPENDENCIES
  appraisal
  minitest
  zendesk_api

BUNDLED WITH
   1.17.3
