GEM
  remote: https://rubygems.org/
  specs:
    appraisal (2.5.0)
      bundler
      rake
      thor (>= 0.14.0)
    minitest (5.20.0)
    rake (13.1.0)
    thor (1.3.0)
    zk (1.10.0)
      zookeeper (~> 1.5.0)
    zookeeper (1.5.5)

PLATFORMS
  ruby

DEPENDENCIES
  appraisal
  minitest
  zk

BUNDLED WITH
   2.4.10
